lockfileVersion: '6.0'

settings:
  autoInstallPeers: true
  excludeLinksFromLockfile: false

devDependencies:
  chrome-types:
    specifier: ^0.1.241
    version: 0.1.241
  typescript:
    specifier: ^5.2.2
    version: 5.2.2

packages:

  /chrome-types@0.1.241:
    resolution: {integrity: sha512-4D5p6biO+KlNPJvOHbgOOIKKuyp0dMJcz8YwOcgHKQlzlsknkHe9oogZsGh2ACGSNByoOUudzdeH8RyhMIRNug==}
    dev: true

  /typescript@5.2.2:
    resolution: {integrity: sha512-mI4WrpHsbCIcwT9cF4FZvr80QUeKvsUsUvKDoR+X/7XHQH98xYD8YHZg7ANtz2GtZt/CBq2QJ0thkGJMHfqc1w==}
    engines: {node: '>=14.17'}
    hasBin: true
    dev: true
